// !$*UTF8*$!
{
	archiveVersion = 1;
	classes = {
	};
	objectVersion = 77;
	objects = {

/* Begin PBXBuildFile section */
		E913AE792D25993C0027ACA1 /* SettingsCoordinator.swift in Sources */ = {isa = PBXBuildFile; fileRef = E913AE782D25993C0027ACA1 /* SettingsCoordinator.swift */; };
		E91AE1E32D218FAF0076BD59 /* AppDelegate.swift in Sources */ = {isa = PBXBuildFile; fileRef = E91AE1DD2D218FAF0076BD59 /* AppDelegate.swift */; };
		E91AE1E42D218FAF0076BD59 /* Assets.xcassets in Resources */ = {isa = PBXBuildFile; fileRef = E91AE1DE2D218FAF0076BD59 /* Assets.xcassets */; };
		E91AE1E52D218FAF0076BD59 /* MainMenu.xib in Resources */ = {isa = PBXBuildFile; fileRef = E91AE1E02D218FAF0076BD59 /* MainMenu.xib */; };
		E9339F692D2811BD005AEA76 /* MainCoordinator.swift in Sources */ = {isa = PBXBuildFile; fileRef = E9339F682D2811BD005AEA76 /* MainCoordinator.swift */; };
		E9339F952D282B09005AEA76 /* KeyboardShortcuts.swift in Sources */ = {isa = PBXBuildFile; fileRef = E9339F942D282B09005AEA76 /* KeyboardShortcuts.swift */; };
		E9339F972D282B39005AEA76 /* SettingsViewController.swift in Sources */ = {isa = PBXBuildFile; fileRef = E9339F962D282B39005AEA76 /* SettingsViewController.swift */; };
		E9339F992D282BE2005AEA76 /* SettingsWindowController.swift in Sources */ = {isa = PBXBuildFile; fileRef = E9339F982D282BE2005AEA76 /* SettingsWindowController.swift */; };
		E9339F9B2D282C12005AEA76 /* XiblessHostingController.swift in Sources */ = {isa = PBXBuildFile; fileRef = E9339F9A2D282C12005AEA76 /* XiblessHostingController.swift */; };
		E9794A652D22E54000AAA0C7 /* StarLightUI in Frameworks */ = {isa = PBXBuildFile; productRef = E9794A642D22E54000AAA0C7 /* StarLightUI */; };
		E9794A672D22E6E900AAA0C7 /* StarLightCore in Frameworks */ = {isa = PBXBuildFile; productRef = E9794A662D22E6E900AAA0C7 /* StarLightCore */; };
		E9794A692D22E70A00AAA0C7 /* StarLightUtilities in Frameworks */ = {isa = PBXBuildFile; productRef = E9794A682D22E70A00AAA0C7 /* StarLightUtilities */; };
		E9E06A082D23E897008055CE /* LoginViewController.swift in Sources */ = {isa = PBXBuildFile; fileRef = E9E06A052D23E897008055CE /* LoginViewController.swift */; };
		E9E06A092D23E897008055CE /* LoginViewModel.swift in Sources */ = {isa = PBXBuildFile; fileRef = E9E06A062D23E897008055CE /* LoginViewModel.swift */; };
		E9E06A0A2D23E897008055CE /* LoginWindowController.swift in Sources */ = {isa = PBXBuildFile; fileRef = E9E06A072D23E897008055CE /* LoginWindowController.swift */; };
		E9E06A0B2D23E897008055CE /* LoginCoordinator.swift in Sources */ = {isa = PBXBuildFile; fileRef = E9E06A042D23E897008055CE /* LoginCoordinator.swift */; };
		E9E06A0D2D23E913008055CE /* ViewModel.swift in Sources */ = {isa = PBXBuildFile; fileRef = E9E06A0C2D23E913008055CE /* ViewModel.swift */; };
		E9E06A0F2D23E937008055CE /* AppServices.swift in Sources */ = {isa = PBXBuildFile; fileRef = E9E06A0E2D23E937008055CE /* AppServices.swift */; };
		E9E06A112D23E95E008055CE /* AppCoordinator.swift in Sources */ = {isa = PBXBuildFile; fileRef = E9E06A102D23E95E008055CE /* AppCoordinator.swift */; };
		E9E90AEE2D2A5A03001607C9 /* Settings.swift in Sources */ = {isa = PBXBuildFile; fileRef = E9E90AED2D2A5A03001607C9 /* Settings.swift */; };
		E9E90AF02D2A5AF4001607C9 /* AppStatusItemController.swift in Sources */ = {isa = PBXBuildFile; fileRef = E9E90AEF2D2A5AF4001607C9 /* AppStatusItemController.swift */; };
		E9FA27682D295FFA008D9221 /* StarLightResources in Frameworks */ = {isa = PBXBuildFile; productRef = E9FA27672D295FFA008D9221 /* StarLightResources */; };
/* End PBXBuildFile section */

/* Begin PBXFileReference section */
		E913AE782D25993C0027ACA1 /* SettingsCoordinator.swift */ = {isa = PBXFileReference; lastKnownFileType = sourcecode.swift; path = SettingsCoordinator.swift; sourceTree = "<group>"; };
		E91AE1CD2D218FAA0076BD59 /* StarLight.app */ = {isa = PBXFileReference; explicitFileType = wrapper.application; includeInIndex = 0; path = StarLight.app; sourceTree = BUILT_PRODUCTS_DIR; };
		E91AE1DD2D218FAF0076BD59 /* AppDelegate.swift */ = {isa = PBXFileReference; lastKnownFileType = sourcecode.swift; path = AppDelegate.swift; sourceTree = "<group>"; };
		E91AE1DE2D218FAF0076BD59 /* Assets.xcassets */ = {isa = PBXFileReference; lastKnownFileType = folder.assetcatalog; path = Assets.xcassets; sourceTree = "<group>"; };
		E91AE1DF2D218FAF0076BD59 /* Base */ = {isa = PBXFileReference; lastKnownFileType = file.xib; name = Base; path = Base.lproj/MainMenu.xib; sourceTree = "<group>"; };
		E91AE1E12D218FAF0076BD59 /* StarLight.entitlements */ = {isa = PBXFileReference; lastKnownFileType = text.plist.entitlements; path = StarLight.entitlements; sourceTree = "<group>"; };
		E932BA652D22CA8F0052C3EE /* Components */ = {isa = PBXFileReference; lastKnownFileType = wrapper; path = Components; sourceTree = "<group>"; };
		E9339F682D2811BD005AEA76 /* MainCoordinator.swift */ = {isa = PBXFileReference; lastKnownFileType = sourcecode.swift; path = MainCoordinator.swift; sourceTree = "<group>"; };
		E9339F942D282B09005AEA76 /* KeyboardShortcuts.swift */ = {isa = PBXFileReference; lastKnownFileType = sourcecode.swift; path = KeyboardShortcuts.swift; sourceTree = "<group>"; };
		E9339F962D282B39005AEA76 /* SettingsViewController.swift */ = {isa = PBXFileReference; lastKnownFileType = sourcecode.swift; path = SettingsViewController.swift; sourceTree = "<group>"; };
		E9339F982D282BE2005AEA76 /* SettingsWindowController.swift */ = {isa = PBXFileReference; lastKnownFileType = sourcecode.swift; path = SettingsWindowController.swift; sourceTree = "<group>"; };
		E9339F9A2D282C12005AEA76 /* XiblessHostingController.swift */ = {isa = PBXFileReference; lastKnownFileType = sourcecode.swift; path = XiblessHostingController.swift; sourceTree = "<group>"; };
		E94CDF912D227DE5005B69BA /* Info.plist */ = {isa = PBXFileReference; lastKnownFileType = text.plist; path = Info.plist; sourceTree = "<group>"; };
		E9E06A042D23E897008055CE /* LoginCoordinator.swift */ = {isa = PBXFileReference; lastKnownFileType = sourcecode.swift; path = LoginCoordinator.swift; sourceTree = "<group>"; };
		E9E06A052D23E897008055CE /* LoginViewController.swift */ = {isa = PBXFileReference; lastKnownFileType = sourcecode.swift; path = LoginViewController.swift; sourceTree = "<group>"; };
		E9E06A062D23E897008055CE /* LoginViewModel.swift */ = {isa = PBXFileReference; lastKnownFileType = sourcecode.swift; path = LoginViewModel.swift; sourceTree = "<group>"; };
		E9E06A072D23E897008055CE /* LoginWindowController.swift */ = {isa = PBXFileReference; lastKnownFileType = sourcecode.swift; path = LoginWindowController.swift; sourceTree = "<group>"; };
		E9E06A0C2D23E913008055CE /* ViewModel.swift */ = {isa = PBXFileReference; lastKnownFileType = sourcecode.swift; path = ViewModel.swift; sourceTree = "<group>"; };
		E9E06A0E2D23E937008055CE /* AppServices.swift */ = {isa = PBXFileReference; lastKnownFileType = sourcecode.swift; path = AppServices.swift; sourceTree = "<group>"; };
		E9E06A102D23E95E008055CE /* AppCoordinator.swift */ = {isa = PBXFileReference; lastKnownFileType = sourcecode.swift; path = AppCoordinator.swift; sourceTree = "<group>"; };
		E9E90AED2D2A5A03001607C9 /* Settings.swift */ = {isa = PBXFileReference; lastKnownFileType = sourcecode.swift; path = Settings.swift; sourceTree = "<group>"; };
		E9E90AEF2D2A5AF4001607C9 /* AppStatusItemController.swift */ = {isa = PBXFileReference; lastKnownFileType = sourcecode.swift; path = AppStatusItemController.swift; sourceTree = "<group>"; };
		E9FA27322D295527008D9221 /* StarLightCore.framework */ = {isa = PBXFileReference; explicitFileType = wrapper.framework; includeInIndex = 0; path = StarLightCore.framework; sourceTree = BUILT_PRODUCTS_DIR; };
		E9FA27442D295548008D9221 /* StarLightUtilities.framework */ = {isa = PBXFileReference; explicitFileType = wrapper.framework; includeInIndex = 0; path = StarLightUtilities.framework; sourceTree = BUILT_PRODUCTS_DIR; };
		E9FA27552D295553008D9221 /* StarLightUI.framework */ = {isa = PBXFileReference; explicitFileType = wrapper.framework; includeInIndex = 0; path = StarLightUI.framework; sourceTree = BUILT_PRODUCTS_DIR; };
/* End PBXFileReference section */

/* Begin PBXFileSystemSynchronizedBuildFileExceptionSet section */
		E9FA273D2D295527008D9221 /* Exceptions for "StarLightCore" folder in "StarLightCore" target */ = {
			isa = PBXFileSystemSynchronizedBuildFileExceptionSet;
			publicHeaders = (
				StarLightCore.h,
			);
			target = E9FA27312D295527008D9221 /* StarLightCore */;
		};
		E9FA274C2D295548008D9221 /* Exceptions for "StarLightUtilities" folder in "StarLightUtilities" target */ = {
			isa = PBXFileSystemSynchronizedBuildFileExceptionSet;
			publicHeaders = (
				StarLightUtilities.h,
			);
			target = E9FA27432D295548008D9221 /* StarLightUtilities */;
		};
		E9FA275D2D295553008D9221 /* Exceptions for "StarLightUI" folder in "StarLightUI" target */ = {
			isa = PBXFileSystemSynchronizedBuildFileExceptionSet;
			publicHeaders = (
				StarLightUI.h,
			);
			target = E9FA27542D295553008D9221 /* StarLightUI */;
		};
/* End PBXFileSystemSynchronizedBuildFileExceptionSet section */

/* Begin PBXFileSystemSynchronizedRootGroup section */
		E9FA27332D295527008D9221 /* StarLightCore */ = {
			isa = PBXFileSystemSynchronizedRootGroup;
			exceptions = (
				E9FA273D2D295527008D9221 /* Exceptions for "StarLightCore" folder in "StarLightCore" target */,
			);
			path = StarLightCore;
			sourceTree = "<group>";
		};
		E9FA27452D295548008D9221 /* StarLightUtilities */ = {
			isa = PBXFileSystemSynchronizedRootGroup;
			exceptions = (
				E9FA274C2D295548008D9221 /* Exceptions for "StarLightUtilities" folder in "StarLightUtilities" target */,
			);
			path = StarLightUtilities;
			sourceTree = "<group>";
		};
		E9FA27562D295553008D9221 /* StarLightUI */ = {
			isa = PBXFileSystemSynchronizedRootGroup;
			exceptions = (
				E9FA275D2D295553008D9221 /* Exceptions for "StarLightUI" folder in "StarLightUI" target */,
			);
			path = StarLightUI;
			sourceTree = "<group>";
		};
/* End PBXFileSystemSynchronizedRootGroup section */

/* Begin PBXFrameworksBuildPhase section */
		E91AE1CA2D218FAA0076BD59 /* Frameworks */ = {
			isa = PBXFrameworksBuildPhase;
			buildActionMask = 2147483647;
			files = (
				E9794A672D22E6E900AAA0C7 /* StarLightCore in Frameworks */,
				E9794A652D22E54000AAA0C7 /* StarLightUI in Frameworks */,
				E9794A692D22E70A00AAA0C7 /* StarLightUtilities in Frameworks */,
				E9FA27682D295FFA008D9221 /* StarLightResources in Frameworks */,
			);
			runOnlyForDeploymentPostprocessing = 0;
		};
		E9FA272F2D295527008D9221 /* Frameworks */ = {
			isa = PBXFrameworksBuildPhase;
			buildActionMask = 2147483647;
			files = (
			);
			runOnlyForDeploymentPostprocessing = 0;
		};
		E9FA27412D295548008D9221 /* Frameworks */ = {
			isa = PBXFrameworksBuildPhase;
			buildActionMask = 2147483647;
			files = (
			);
			runOnlyForDeploymentPostprocessing = 0;
		};
		E9FA27522D295553008D9221 /* Frameworks */ = {
			isa = PBXFrameworksBuildPhase;
			buildActionMask = 2147483647;
			files = (
			);
			runOnlyForDeploymentPostprocessing = 0;
		};
/* End PBXFrameworksBuildPhase section */

/* Begin PBXGroup section */
		E912A77D2D21A21100E527AD /* Frameworks */ = {
			isa = PBXGroup;
			children = (
			);
			name = Frameworks;
			sourceTree = "<group>";
		};
		E91AE1C42D218FAA0076BD59 = {
			isa = PBXGroup;
			children = (
				E932BA652D22CA8F0052C3EE /* Components */,
				E91AE1E22D218FAF0076BD59 /* StarLight */,
				E9FA27332D295527008D9221 /* StarLightCore */,
				E9FA27452D295548008D9221 /* StarLightUtilities */,
				E9FA27562D295553008D9221 /* StarLightUI */,
				E912A77D2D21A21100E527AD /* Frameworks */,
				E91AE1CE2D218FAA0076BD59 /* Products */,
			);
			sourceTree = "<group>";
		};
		E91AE1CE2D218FAA0076BD59 /* Products */ = {
			isa = PBXGroup;
			children = (
				E91AE1CD2D218FAA0076BD59 /* StarLight.app */,
				E9FA27322D295527008D9221 /* StarLightCore.framework */,
				E9FA27442D295548008D9221 /* StarLightUtilities.framework */,
				E9FA27552D295553008D9221 /* StarLightUI.framework */,
			);
			name = Products;
			sourceTree = "<group>";
		};
		E91AE1E22D218FAF0076BD59 /* StarLight */ = {
			isa = PBXGroup;
			children = (
				E94CDF912D227DE5005B69BA /* Info.plist */,
				E91AE1DD2D218FAF0076BD59 /* AppDelegate.swift */,
				E9E06A0E2D23E937008055CE /* AppServices.swift */,
				E9E06A102D23E95E008055CE /* AppCoordinator.swift */,
				E9E90AEF2D2A5AF4001607C9 /* AppStatusItemController.swift */,
				E9339F682D2811BD005AEA76 /* MainCoordinator.swift */,
				E9E06A0C2D23E913008055CE /* ViewModel.swift */,
				E9E06A042D23E897008055CE /* LoginCoordinator.swift */,
				E9E06A052D23E897008055CE /* LoginViewController.swift */,
				E9E06A062D23E897008055CE /* LoginViewModel.swift */,
				E9E06A072D23E897008055CE /* LoginWindowController.swift */,
				E913AE782D25993C0027ACA1 /* SettingsCoordinator.swift */,
				E9E90AED2D2A5A03001607C9 /* Settings.swift */,
				E9339F982D282BE2005AEA76 /* SettingsWindowController.swift */,
				E9339F962D282B39005AEA76 /* SettingsViewController.swift */,
				E9339F9A2D282C12005AEA76 /* XiblessHostingController.swift */,
				E9339F942D282B09005AEA76 /* KeyboardShortcuts.swift */,
				E91AE1DE2D218FAF0076BD59 /* Assets.xcassets */,
				E91AE1E02D218FAF0076BD59 /* MainMenu.xib */,
				E91AE1E12D218FAF0076BD59 /* StarLight.entitlements */,
			);
			path = StarLight;
			sourceTree = "<group>";
		};
/* End PBXGroup section */

/* Begin PBXHeadersBuildPhase section */
		E9FA272D2D295527008D9221 /* Headers */ = {
			isa = PBXHeadersBuildPhase;
			buildActionMask = 2147483647;
			files = (
			);
			runOnlyForDeploymentPostprocessing = 0;
		};
		E9FA273F2D295548008D9221 /* Headers */ = {
			isa = PBXHeadersBuildPhase;
			buildActionMask = 2147483647;
			files = (
			);
			runOnlyForDeploymentPostprocessing = 0;
		};
		E9FA27502D295553008D9221 /* Headers */ = {
			isa = PBXHeadersBuildPhase;
			buildActionMask = 2147483647;
			files = (
			);
			runOnlyForDeploymentPostprocessing = 0;
		};
/* End PBXHeadersBuildPhase section */

/* Begin PBXNativeTarget section */
		E91AE1CC2D218FAA0076BD59 /* StarLight */ = {
			isa = PBXNativeTarget;
			buildConfigurationList = E91AE1DA2D218FAB0076BD59 /* Build configuration list for PBXNativeTarget "StarLight" */;
			buildPhases = (
				E91AE1C92D218FAA0076BD59 /* Sources */,
				E91AE1CA2D218FAA0076BD59 /* Frameworks */,
				E91AE1CB2D218FAA0076BD59 /* Resources */,
			);
			buildRules = (
			);
			dependencies = (
			);
			name = StarLight;
			packageProductDependencies = (
				E9794A642D22E54000AAA0C7 /* StarLightUI */,
				E9794A662D22E6E900AAA0C7 /* StarLightCore */,
				E9794A682D22E70A00AAA0C7 /* StarLightUtilities */,
				E9FA27672D295FFA008D9221 /* StarLightResources */,
			);
			productName = StarLight;
			productReference = E91AE1CD2D218FAA0076BD59 /* StarLight.app */;
			productType = "com.apple.product-type.application";
		};
		E9FA27312D295527008D9221 /* StarLightCore */ = {
			isa = PBXNativeTarget;
			buildConfigurationList = E9FA273E2D295527008D9221 /* Build configuration list for PBXNativeTarget "StarLightCore" */;
			buildPhases = (
				E9FA272D2D295527008D9221 /* Headers */,
				E9FA272E2D295527008D9221 /* Sources */,
				E9FA272F2D295527008D9221 /* Frameworks */,
				E9FA27302D295527008D9221 /* Resources */,
			);
			buildRules = (
			);
			dependencies = (
			);
			fileSystemSynchronizedGroups = (
				E9FA27332D295527008D9221 /* StarLightCore */,
			);
			name = StarLightCore;
			packageProductDependencies = (
			);
			productName = StarLightCore;
			productReference = E9FA27322D295527008D9221 /* StarLightCore.framework */;
			productType = "com.apple.product-type.framework";
		};
		E9FA27432D295548008D9221 /* StarLightUtilities */ = {
			isa = PBXNativeTarget;
			buildConfigurationList = E9FA274D2D295548008D9221 /* Build configuration list for PBXNativeTarget "StarLightUtilities" */;
			buildPhases = (
				E9FA273F2D295548008D9221 /* Headers */,
				E9FA27402D295548008D9221 /* Sources */,
				E9FA27412D295548008D9221 /* Frameworks */,
				E9FA27422D295548008D9221 /* Resources */,
			);
			buildRules = (
			);
			dependencies = (
			);
			fileSystemSynchronizedGroups = (
				E9FA27452D295548008D9221 /* StarLightUtilities */,
			);
			name = StarLightUtilities;
			packageProductDependencies = (
			);
			productName = StarLightUtilities;
			productReference = E9FA27442D295548008D9221 /* StarLightUtilities.framework */;
			productType = "com.apple.product-type.framework";
		};
		E9FA27542D295553008D9221 /* StarLightUI */ = {
			isa = PBXNativeTarget;
			buildConfigurationList = E9FA275E2D295553008D9221 /* Build configuration list for PBXNativeTarget "StarLightUI" */;
			buildPhases = (
				E9FA27502D295553008D9221 /* Headers */,
				E9FA27512D295553008D9221 /* Sources */,
				E9FA27522D295553008D9221 /* Frameworks */,
				E9FA27532D295553008D9221 /* Resources */,
			);
			buildRules = (
			);
			dependencies = (
			);
			fileSystemSynchronizedGroups = (
				E9FA27562D295553008D9221 /* StarLightUI */,
			);
			name = StarLightUI;
			packageProductDependencies = (
			);
			productName = StarLightUI;
			productReference = E9FA27552D295553008D9221 /* StarLightUI.framework */;
			productType = "com.apple.product-type.framework";
		};
/* End PBXNativeTarget section */

/* Begin PBXProject section */
		E91AE1C52D218FAA0076BD59 /* Project object */ = {
			isa = PBXProject;
			attributes = {
				BuildIndependentTargetsInParallel = 1;
				LastSwiftUpdateCheck = 1620;
				LastUpgradeCheck = 1620;
				TargetAttributes = {
					E91AE1CC2D218FAA0076BD59 = {
						CreatedOnToolsVersion = 16.2;
					};
					E9FA27312D295527008D9221 = {
						CreatedOnToolsVersion = 16.2;
					};
					E9FA27432D295548008D9221 = {
						CreatedOnToolsVersion = 16.2;
					};
					E9FA27542D295553008D9221 = {
						CreatedOnToolsVersion = 16.2;
					};
				};
			};
			buildConfigurationList = E91AE1C82D218FAA0076BD59 /* Build configuration list for PBXProject "StarLight" */;
			developmentRegion = en;
			hasScannedForEncodings = 0;
			knownRegions = (
				en,
				Base,
			);
			mainGroup = E91AE1C42D218FAA0076BD59;
			minimizedProjectReferenceProxies = 1;
			packageReferences = (
			);
			preferredProjectObjectVersion = 77;
			productRefGroup = E91AE1CE2D218FAA0076BD59 /* Products */;
			projectDirPath = "";
			projectRoot = "";
			targets = (
				E91AE1CC2D218FAA0076BD59 /* StarLight */,
				E9FA27312D295527008D9221 /* StarLightCore */,
				E9FA27542D295553008D9221 /* StarLightUI */,
				E9FA27432D295548008D9221 /* StarLightUtilities */,
			);
		};
/* End PBXProject section */

/* Begin PBXResourcesBuildPhase section */
		E91AE1CB2D218FAA0076BD59 /* Resources */ = {
			isa = PBXResourcesBuildPhase;
			buildActionMask = 2147483647;
			files = (
				E91AE1E42D218FAF0076BD59 /* Assets.xcassets in Resources */,
				E91AE1E52D218FAF0076BD59 /* MainMenu.xib in Resources */,
			);
			runOnlyForDeploymentPostprocessing = 0;
		};
		E9FA27302D295527008D9221 /* Resources */ = {
			isa = PBXResourcesBuildPhase;
			buildActionMask = 2147483647;
			files = (
			);
			runOnlyForDeploymentPostprocessing = 0;
		};
		E9FA27422D295548008D9221 /* Resources */ = {
			isa = PBXResourcesBuildPhase;
			buildActionMask = 2147483647;
			files = (
			);
			runOnlyForDeploymentPostprocessing = 0;
		};
		E9FA27532D295553008D9221 /* Resources */ = {
			isa = PBXResourcesBuildPhase;
			buildActionMask = 2147483647;
			files = (
			);
			runOnlyForDeploymentPostprocessing = 0;
		};
/* End PBXResourcesBuildPhase section */

/* Begin PBXSourcesBuildPhase section */
		E91AE1C92D218FAA0076BD59 /* Sources */ = {
			isa = PBXSourcesBuildPhase;
			buildActionMask = 2147483647;
			files = (
				E91AE1E32D218FAF0076BD59 /* AppDelegate.swift in Sources */,
				E9339F972D282B39005AEA76 /* SettingsViewController.swift in Sources */,
				E9339F992D282BE2005AEA76 /* SettingsWindowController.swift in Sources */,
				E9E06A082D23E897008055CE /* LoginViewController.swift in Sources */,
				E9E06A0F2D23E937008055CE /* AppServices.swift in Sources */,
				E9339F9B2D282C12005AEA76 /* XiblessHostingController.swift in Sources */,
				E9E06A092D23E897008055CE /* LoginViewModel.swift in Sources */,
				E9E06A112D23E95E008055CE /* AppCoordinator.swift in Sources */,
				E9E06A0A2D23E897008055CE /* LoginWindowController.swift in Sources */,
				E9E90AEE2D2A5A03001607C9 /* Settings.swift in Sources */,
				E9339F952D282B09005AEA76 /* KeyboardShortcuts.swift in Sources */,
				E9339F692D2811BD005AEA76 /* MainCoordinator.swift in Sources */,
				E9E90AF02D2A5AF4001607C9 /* AppStatusItemController.swift in Sources */,
				E9E06A0D2D23E913008055CE /* ViewModel.swift in Sources */,
				E913AE792D25993C0027ACA1 /* SettingsCoordinator.swift in Sources */,
				E9E06A0B2D23E897008055CE /* LoginCoordinator.swift in Sources */,
			);
			runOnlyForDeploymentPostprocessing = 0;
		};
		E9FA272E2D295527008D9221 /* Sources */ = {
			isa = PBXSourcesBuildPhase;
			buildActionMask = 2147483647;
			files = (
			);
			runOnlyForDeploymentPostprocessing = 0;
		};
		E9FA27402D295548008D9221 /* Sources */ = {
			isa = PBXSourcesBuildPhase;
			buildActionMask = 2147483647;
			files = (
			);
			runOnlyForDeploymentPostprocessing = 0;
		};
		E9FA27512D295553008D9221 /* Sources */ = {
			isa = PBXSourcesBuildPhase;
			buildActionMask = 2147483647;
			files = (
			);
			runOnlyForDeploymentPostprocessing = 0;
		};
/* End PBXSourcesBuildPhase section */

/* Begin PBXVariantGroup section */
		E91AE1E02D218FAF0076BD59 /* MainMenu.xib */ = {
			isa = PBXVariantGroup;
			children = (
				E91AE1DF2D218FAF0076BD59 /* Base */,
			);
			name = MainMenu.xib;
			sourceTree = "<group>";
		};
/* End PBXVariantGroup section */

/* Begin XCBuildConfiguration section */
		E91AE1D82D218FAB0076BD59 /* Debug */ = {
			isa = XCBuildConfiguration;
			buildSettings = {
				ALWAYS_SEARCH_USER_PATHS = NO;
				ASSETCATALOG_COMPILER_GENERATE_SWIFT_ASSET_SYMBOL_EXTENSIONS = YES;
				CLANG_ANALYZER_NONNULL = YES;
				CLANG_ANALYZER_NUMBER_OBJECT_CONVERSION = YES_AGGRESSIVE;
				CLANG_CXX_LANGUAGE_STANDARD = "gnu++20";
				CLANG_ENABLE_MODULES = YES;
				CLANG_ENABLE_OBJC_ARC = YES;
				CLANG_ENABLE_OBJC_WEAK = YES;
				CLANG_WARN_BLOCK_CAPTURE_AUTORELEASING = YES;
				CLANG_WARN_BOOL_CONVERSION = YES;
				CLANG_WARN_COMMA = YES;
				CLANG_WARN_CONSTANT_CONVERSION = YES;
				CLANG_WARN_DEPRECATED_OBJC_IMPLEMENTATIONS = YES;
				CLANG_WARN_DIRECT_OBJC_ISA_USAGE = YES_ERROR;
				CLANG_WARN_DOCUMENTATION_COMMENTS = YES;
				CLANG_WARN_EMPTY_BODY = YES;
				CLANG_WARN_ENUM_CONVERSION = YES;
				CLANG_WARN_INFINITE_RECURSION = YES;
				CLANG_WARN_INT_CONVERSION = YES;
				CLANG_WARN_NON_LITERAL_NULL_CONVERSION = YES;
				CLANG_WARN_OBJC_IMPLICIT_RETAIN_SELF = YES;
				CLANG_WARN_OBJC_LITERAL_CONVERSION = YES;
				CLANG_WARN_OBJC_ROOT_CLASS = YES_ERROR;
				CLANG_WARN_QUOTED_INCLUDE_IN_FRAMEWORK_HEADER = YES;
				CLANG_WARN_RANGE_LOOP_ANALYSIS = YES;
				CLANG_WARN_STRICT_PROTOTYPES = YES;
				CLANG_WARN_SUSPICIOUS_MOVE = YES;
				CLANG_WARN_UNGUARDED_AVAILABILITY = YES_AGGRESSIVE;
				CLANG_WARN_UNREACHABLE_CODE = YES;
				CLANG_WARN__DUPLICATE_METHOD_MATCH = YES;
				COPY_PHASE_STRIP = NO;
				DEBUG_INFORMATION_FORMAT = dwarf;
				ENABLE_STRICT_OBJC_MSGSEND = YES;
				ENABLE_TESTABILITY = YES;
				ENABLE_USER_SCRIPT_SANDBOXING = YES;
				GCC_C_LANGUAGE_STANDARD = gnu17;
				GCC_DYNAMIC_NO_PIC = NO;
				GCC_NO_COMMON_BLOCKS = YES;
				GCC_OPTIMIZATION_LEVEL = 0;
				GCC_PREPROCESSOR_DEFINITIONS = (
					"DEBUG=1",
					"$(inherited)",
				);
				GCC_WARN_64_TO_32_BIT_CONVERSION = YES;
				GCC_WARN_ABOUT_RETURN_TYPE = YES_ERROR;
				GCC_WARN_UNDECLARED_SELECTOR = YES;
				GCC_WARN_UNINITIALIZED_AUTOS = YES_AGGRESSIVE;
				GCC_WARN_UNUSED_FUNCTION = YES;
				GCC_WARN_UNUSED_VARIABLE = YES;
				LOCALIZATION_PREFERS_STRING_CATALOGS = YES;
				MACOSX_DEPLOYMENT_TARGET = 15.2;
				MTL_ENABLE_DEBUG_INFO = INCLUDE_SOURCE;
				MTL_FAST_MATH = YES;
				ONLY_ACTIVE_ARCH = YES;
				SDKROOT = macosx;
				SWIFT_ACTIVE_COMPILATION_CONDITIONS = "DEBUG $(inherited)";
				SWIFT_OPTIMIZATION_LEVEL = "-Onone";
			};
			name = Debug;
		};
		E91AE1D92D218FAB0076BD59 /* Release */ = {
			isa = XCBuildConfiguration;
			buildSettings = {
				ALWAYS_SEARCH_USER_PATHS = NO;
				ASSETCATALOG_COMPILER_GENERATE_SWIFT_ASSET_SYMBOL_EXTENSIONS = YES;
				CLANG_ANALYZER_NONNULL = YES;
				CLANG_ANALYZER_NUMBER_OBJECT_CONVERSION = YES_AGGRESSIVE;
				CLANG_CXX_LANGUAGE_STANDARD = "gnu++20";
				CLANG_ENABLE_MODULES = YES;
				CLANG_ENABLE_OBJC_ARC = YES;
				CLANG_ENABLE_OBJC_WEAK = YES;
				CLANG_WARN_BLOCK_CAPTURE_AUTORELEASING = YES;
				CLANG_WARN_BOOL_CONVERSION = YES;
				CLANG_WARN_COMMA = YES;
				CLANG_WARN_CONSTANT_CONVERSION = YES;
				CLANG_WARN_DEPRECATED_OBJC_IMPLEMENTATIONS = YES;
				CLANG_WARN_DIRECT_OBJC_ISA_USAGE = YES_ERROR;
				CLANG_WARN_DOCUMENTATION_COMMENTS = YES;
				CLANG_WARN_EMPTY_BODY = YES;
				CLANG_WARN_ENUM_CONVERSION = YES;
				CLANG_WARN_INFINITE_RECURSION = YES;
				CLANG_WARN_INT_CONVERSION = YES;
				CLANG_WARN_NON_LITERAL_NULL_CONVERSION = YES;
				CLANG_WARN_OBJC_IMPLICIT_RETAIN_SELF = YES;
				CLANG_WARN_OBJC_LITERAL_CONVERSION = YES;
				CLANG_WARN_OBJC_ROOT_CLASS = YES_ERROR;
				CLANG_WARN_QUOTED_INCLUDE_IN_FRAMEWORK_HEADER = YES;
				CLANG_WARN_RANGE_LOOP_ANALYSIS = YES;
				CLANG_WARN_STRICT_PROTOTYPES = YES;
				CLANG_WARN_SUSPICIOUS_MOVE = YES;
				CLANG_WARN_UNGUARDED_AVAILABILITY = YES_AGGRESSIVE;
				CLANG_WARN_UNREACHABLE_CODE = YES;
				CLANG_WARN__DUPLICATE_METHOD_MATCH = YES;
				COPY_PHASE_STRIP = NO;
				DEBUG_INFORMATION_FORMAT = "dwarf-with-dsym";
				ENABLE_NS_ASSERTIONS = NO;
				ENABLE_STRICT_OBJC_MSGSEND = YES;
				ENABLE_USER_SCRIPT_SANDBOXING = YES;
				GCC_C_LANGUAGE_STANDARD = gnu17;
				GCC_NO_COMMON_BLOCKS = YES;
				GCC_WARN_64_TO_32_BIT_CONVERSION = YES;
				GCC_WARN_ABOUT_RETURN_TYPE = YES_ERROR;
				GCC_WARN_UNDECLARED_SELECTOR = YES;
				GCC_WARN_UNINITIALIZED_AUTOS = YES_AGGRESSIVE;
				GCC_WARN_UNUSED_FUNCTION = YES;
				GCC_WARN_UNUSED_VARIABLE = YES;
				LOCALIZATION_PREFERS_STRING_CATALOGS = YES;
				MACOSX_DEPLOYMENT_TARGET = 15.2;
				MTL_ENABLE_DEBUG_INFO = NO;
				MTL_FAST_MATH = YES;
				SDKROOT = macosx;
				SWIFT_COMPILATION_MODE = wholemodule;
			};
			name = Release;
		};
		E91AE1DB2D218FAB0076BD59 /* Debug */ = {
			isa = XCBuildConfiguration;
			buildSettings = {
				ASSETCATALOG_COMPILER_APPICON_NAME = AppIcon;
				ASSETCATALOG_COMPILER_GLOBAL_ACCENT_COLOR_NAME = AccentColor;
				CODE_SIGN_ENTITLEMENTS = StarLight/StarLight.entitlements;
				CODE_SIGN_STYLE = Automatic;
				COMBINE_HIDPI_IMAGES = YES;
				CURRENT_PROJECT_VERSION = 1;
				DEVELOPMENT_TEAM = D5Q73692VW;
				ENABLE_HARDENED_RUNTIME = YES;
				GENERATE_INFOPLIST_FILE = YES;
				INFOPLIST_FILE = StarLight/Info.plist;
				INFOPLIST_KEY_NSHumanReadableCopyright = "";
				INFOPLIST_KEY_NSMainNibFile = MainMenu;
				INFOPLIST_KEY_NSPrincipalClass = NSApplication;
				LD_RUNPATH_SEARCH_PATHS = (
					"$(inherited)",
					"@executable_path/../Frameworks",
				);
				MACOSX_DEPLOYMENT_TARGET = 13.0;
				MARKETING_VERSION = 1.0;
				PRODUCT_BUNDLE_IDENTIFIER = com.JH.StarLight;
				PRODUCT_NAME = "$(TARGET_NAME)";
				SWIFT_EMIT_LOC_STRINGS = YES;
				SWIFT_VERSION = 5.0;
			};
			name = Debug;
		};
		E91AE1DC2D218FAB0076BD59 /* Release */ = {
			isa = XCBuildConfiguration;
			buildSettings = {
				ASSETCATALOG_COMPILER_APPICON_NAME = AppIcon;
				ASSETCATALOG_COMPILER_GLOBAL_ACCENT_COLOR_NAME = AccentColor;
				CODE_SIGN_ENTITLEMENTS = StarLight/StarLight.entitlements;
				CODE_SIGN_STYLE = Automatic;
				COMBINE_HIDPI_IMAGES = YES;
				CURRENT_PROJECT_VERSION = 1;
				DEVELOPMENT_TEAM = D5Q73692VW;
				ENABLE_HARDENED_RUNTIME = YES;
				GENERATE_INFOPLIST_FILE = YES;
				INFOPLIST_FILE = StarLight/Info.plist;
				INFOPLIST_KEY_NSHumanReadableCopyright = "";
				INFOPLIST_KEY_NSMainNibFile = MainMenu;
				INFOPLIST_KEY_NSPrincipalClass = NSApplication;
				LD_RUNPATH_SEARCH_PATHS = (
					"$(inherited)",
					"@executable_path/../Frameworks",
				);
				MACOSX_DEPLOYMENT_TARGET = 13.0;
				MARKETING_VERSION = 1.0;
				PRODUCT_BUNDLE_IDENTIFIER = com.JH.StarLight;
				PRODUCT_NAME = "$(TARGET_NAME)";
				SWIFT_EMIT_LOC_STRINGS = YES;
				SWIFT_VERSION = 5.0;
			};
			name = Release;
		};
		E9FA273B2D295527008D9221 /* Debug */ = {
			isa = XCBuildConfiguration;
			buildSettings = {
				BUILD_LIBRARY_FOR_DISTRIBUTION = NO;
				CODE_SIGN_STYLE = Automatic;
				COMBINE_HIDPI_IMAGES = YES;
				CURRENT_PROJECT_VERSION = 1;
				DEFINES_MODULE = YES;
				DEVELOPMENT_TEAM = D5Q73692VW;
				DYLIB_COMPATIBILITY_VERSION = 1;
				DYLIB_CURRENT_VERSION = 1;
				DYLIB_INSTALL_NAME_BASE = "@rpath";
				ENABLE_MODULE_VERIFIER = NO;
				GENERATE_INFOPLIST_FILE = YES;
				INFOPLIST_KEY_NSHumanReadableCopyright = "";
				INSTALL_PATH = "$(LOCAL_LIBRARY_DIR)/Frameworks";
				LD_RUNPATH_SEARCH_PATHS = (
					"$(inherited)",
					"@executable_path/../Frameworks",
					"@loader_path/Frameworks",
				);
				MACOSX_DEPLOYMENT_TARGET = 13.0;
				MARKETING_VERSION = 1.0;
				MODULE_VERIFIER_SUPPORTED_LANGUAGES = "objective-c objective-c++";
				MODULE_VERIFIER_SUPPORTED_LANGUAGE_STANDARDS = "gnu17 gnu++20";
				PRODUCT_BUNDLE_IDENTIFIER = com.JH.StarLightCore;
				PRODUCT_NAME = "$(TARGET_NAME:c99extidentifier)";
				SKIP_INSTALL = YES;
				SWIFT_EMIT_LOC_STRINGS = YES;
				SWIFT_INSTALL_OBJC_HEADER = NO;
				SWIFT_VERSION = 5.0;
				VERSIONING_SYSTEM = "apple-generic";
				VERSION_INFO_PREFIX = "";
			};
			name = Debug;
		};
		E9FA273C2D295527008D9221 /* Release */ = {
			isa = XCBuildConfiguration;
			buildSettings = {
				BUILD_LIBRARY_FOR_DISTRIBUTION = NO;
				CODE_SIGN_STYLE = Automatic;
				COMBINE_HIDPI_IMAGES = YES;
				CURRENT_PROJECT_VERSION = 1;
				DEFINES_MODULE = YES;
				DEVELOPMENT_TEAM = D5Q73692VW;
				DYLIB_COMPATIBILITY_VERSION = 1;
				DYLIB_CURRENT_VERSION = 1;
				DYLIB_INSTALL_NAME_BASE = "@rpath";
				ENABLE_MODULE_VERIFIER = NO;
				GENERATE_INFOPLIST_FILE = YES;
				INFOPLIST_KEY_NSHumanReadableCopyright = "";
				INSTALL_PATH = "$(LOCAL_LIBRARY_DIR)/Frameworks";
				LD_RUNPATH_SEARCH_PATHS = (
					"$(inherited)",
					"@executable_path/../Frameworks",
					"@loader_path/Frameworks",
				);
				MACOSX_DEPLOYMENT_TARGET = 13.0;
				MARKETING_VERSION = 1.0;
				MODULE_VERIFIER_SUPPORTED_LANGUAGES = "objective-c objective-c++";
				MODULE_VERIFIER_SUPPORTED_LANGUAGE_STANDARDS = "gnu17 gnu++20";
				PRODUCT_BUNDLE_IDENTIFIER = com.JH.StarLightCore;
				PRODUCT_NAME = "$(TARGET_NAME:c99extidentifier)";
				SKIP_INSTALL = YES;
				SWIFT_EMIT_LOC_STRINGS = YES;
				SWIFT_INSTALL_OBJC_HEADER = NO;
				SWIFT_VERSION = 5.0;
				VERSIONING_SYSTEM = "apple-generic";
				VERSION_INFO_PREFIX = "";
			};
			name = Release;
		};
		E9FA274E2D295548008D9221 /* Debug */ = {
			isa = XCBuildConfiguration;
			buildSettings = {
				BUILD_LIBRARY_FOR_DISTRIBUTION = NO;
				CODE_SIGN_STYLE = Automatic;
				COMBINE_HIDPI_IMAGES = YES;
				CURRENT_PROJECT_VERSION = 1;
				DEFINES_MODULE = YES;
				DEVELOPMENT_TEAM = D5Q73692VW;
				DYLIB_COMPATIBILITY_VERSION = 1;
				DYLIB_CURRENT_VERSION = 1;
				DYLIB_INSTALL_NAME_BASE = "@rpath";
				ENABLE_MODULE_VERIFIER = NO;
				GENERATE_INFOPLIST_FILE = YES;
				INFOPLIST_KEY_NSHumanReadableCopyright = "";
				INSTALL_PATH = "$(LOCAL_LIBRARY_DIR)/Frameworks";
				LD_RUNPATH_SEARCH_PATHS = (
					"$(inherited)",
					"@executable_path/../Frameworks",
					"@loader_path/Frameworks",
				);
				MARKETING_VERSION = 1.0;
				MODULE_VERIFIER_SUPPORTED_LANGUAGES = "objective-c objective-c++";
				MODULE_VERIFIER_SUPPORTED_LANGUAGE_STANDARDS = "gnu17 gnu++20";
				PRODUCT_BUNDLE_IDENTIFIER = com.JH.StarLightUtilities;
				PRODUCT_NAME = "$(TARGET_NAME:c99extidentifier)";
				SKIP_INSTALL = YES;
				SWIFT_EMIT_LOC_STRINGS = YES;
				SWIFT_INSTALL_OBJC_HEADER = NO;
				SWIFT_VERSION = 5.0;
				VERSIONING_SYSTEM = "apple-generic";
				VERSION_INFO_PREFIX = "";
			};
			name = Debug;
		};
		E9FA274F2D295548008D9221 /* Release */ = {
			isa = XCBuildConfiguration;
			buildSettings = {
				BUILD_LIBRARY_FOR_DISTRIBUTION = NO;
				CODE_SIGN_STYLE = Automatic;
				COMBINE_HIDPI_IMAGES = YES;
				CURRENT_PROJECT_VERSION = 1;
				DEFINES_MODULE = YES;
				DEVELOPMENT_TEAM = D5Q73692VW;
				DYLIB_COMPATIBILITY_VERSION = 1;
				DYLIB_CURRENT_VERSION = 1;
				DYLIB_INSTALL_NAME_BASE = "@rpath";
				ENABLE_MODULE_VERIFIER = NO;
				GENERATE_INFOPLIST_FILE = YES;
				INFOPLIST_KEY_NSHumanReadableCopyright = "";
				INSTALL_PATH = "$(LOCAL_LIBRARY_DIR)/Frameworks";
				LD_RUNPATH_SEARCH_PATHS = (
					"$(inherited)",
					"@executable_path/../Frameworks",
					"@loader_path/Frameworks",
				);
				MARKETING_VERSION = 1.0;
				MODULE_VERIFIER_SUPPORTED_LANGUAGES = "objective-c objective-c++";
				MODULE_VERIFIER_SUPPORTED_LANGUAGE_STANDARDS = "gnu17 gnu++20";
				PRODUCT_BUNDLE_IDENTIFIER = com.JH.StarLightUtilities;
				PRODUCT_NAME = "$(TARGET_NAME:c99extidentifier)";
				SKIP_INSTALL = YES;
				SWIFT_EMIT_LOC_STRINGS = YES;
				SWIFT_INSTALL_OBJC_HEADER = NO;
				SWIFT_VERSION = 5.0;
				VERSIONING_SYSTEM = "apple-generic";
				VERSION_INFO_PREFIX = "";
			};
			name = Release;
		};
		E9FA275F2D295553008D9221 /* Debug */ = {
			isa = XCBuildConfiguration;
			buildSettings = {
				BUILD_LIBRARY_FOR_DISTRIBUTION = NO;
				CODE_SIGN_STYLE = Automatic;
				COMBINE_HIDPI_IMAGES = YES;
				CURRENT_PROJECT_VERSION = 1;
				DEFINES_MODULE = YES;
				DEVELOPMENT_TEAM = D5Q73692VW;
				DYLIB_COMPATIBILITY_VERSION = 1;
				DYLIB_CURRENT_VERSION = 1;
				DYLIB_INSTALL_NAME_BASE = "@rpath";
				ENABLE_MODULE_VERIFIER = NO;
				GENERATE_INFOPLIST_FILE = YES;
				INFOPLIST_KEY_NSHumanReadableCopyright = "";
				INSTALL_PATH = "$(LOCAL_LIBRARY_DIR)/Frameworks";
				LD_RUNPATH_SEARCH_PATHS = (
					"$(inherited)",
					"@executable_path/../Frameworks",
					"@loader_path/Frameworks",
				);
				MARKETING_VERSION = 1.0;
				MODULE_VERIFIER_SUPPORTED_LANGUAGES = "objective-c objective-c++";
				MODULE_VERIFIER_SUPPORTED_LANGUAGE_STANDARDS = "gnu17 gnu++20";
				PRODUCT_BUNDLE_IDENTIFIER = com.JH.StarLightUI;
				PRODUCT_NAME = "$(TARGET_NAME:c99extidentifier)";
				SKIP_INSTALL = YES;
				SWIFT_EMIT_LOC_STRINGS = YES;
				SWIFT_INSTALL_OBJC_HEADER = NO;
				SWIFT_VERSION = 5.0;
				VERSIONING_SYSTEM = "apple-generic";
				VERSION_INFO_PREFIX = "";
			};
			name = Debug;
		};
		E9FA27602D295553008D9221 /* Release */ = {
			isa = XCBuildConfiguration;
			buildSettings = {
				BUILD_LIBRARY_FOR_DISTRIBUTION = NO;
				CODE_SIGN_STYLE = Automatic;
				COMBINE_HIDPI_IMAGES = YES;
				CURRENT_PROJECT_VERSION = 1;
				DEFINES_MODULE = YES;
				DEVELOPMENT_TEAM = D5Q73692VW;
				DYLIB_COMPATIBILITY_VERSION = 1;
				DYLIB_CURRENT_VERSION = 1;
				DYLIB_INSTALL_NAME_BASE = "@rpath";
				ENABLE_MODULE_VERIFIER = NO;
				GENERATE_INFOPLIST_FILE = YES;
				INFOPLIST_KEY_NSHumanReadableCopyright = "";
				INSTALL_PATH = "$(LOCAL_LIBRARY_DIR)/Frameworks";
				LD_RUNPATH_SEARCH_PATHS = (
					"$(inherited)",
					"@executable_path/../Frameworks",
					"@loader_path/Frameworks",
				);
				MARKETING_VERSION = 1.0;
				MODULE_VERIFIER_SUPPORTED_LANGUAGES = "objective-c objective-c++";
				MODULE_VERIFIER_SUPPORTED_LANGUAGE_STANDARDS = "gnu17 gnu++20";
				PRODUCT_BUNDLE_IDENTIFIER = com.JH.StarLightUI;
				PRODUCT_NAME = "$(TARGET_NAME:c99extidentifier)";
				SKIP_INSTALL = YES;
				SWIFT_EMIT_LOC_STRINGS = YES;
				SWIFT_INSTALL_OBJC_HEADER = NO;
				SWIFT_VERSION = 5.0;
				VERSIONING_SYSTEM = "apple-generic";
				VERSION_INFO_PREFIX = "";
			};
			name = Release;
		};
/* End XCBuildConfiguration section */

/* Begin XCConfigurationList section */
		E91AE1C82D218FAA0076BD59 /* Build configuration list for PBXProject "StarLight" */ = {
			isa = XCConfigurationList;
			buildConfigurations = (
				E91AE1D82D218FAB0076BD59 /* Debug */,
				E91AE1D92D218FAB0076BD59 /* Release */,
			);
			defaultConfigurationIsVisible = 0;
			defaultConfigurationName = Release;
		};
		E91AE1DA2D218FAB0076BD59 /* Build configuration list for PBXNativeTarget "StarLight" */ = {
			isa = XCConfigurationList;
			buildConfigurations = (
				E91AE1DB2D218FAB0076BD59 /* Debug */,
				E91AE1DC2D218FAB0076BD59 /* Release */,
			);
			defaultConfigurationIsVisible = 0;
			defaultConfigurationName = Release;
		};
		E9FA273E2D295527008D9221 /* Build configuration list for PBXNativeTarget "StarLightCore" */ = {
			isa = XCConfigurationList;
			buildConfigurations = (
				E9FA273B2D295527008D9221 /* Debug */,
				E9FA273C2D295527008D9221 /* Release */,
			);
			defaultConfigurationIsVisible = 0;
			defaultConfigurationName = Release;
		};
		E9FA274D2D295548008D9221 /* Build configuration list for PBXNativeTarget "StarLightUtilities" */ = {
			isa = XCConfigurationList;
			buildConfigurations = (
				E9FA274E2D295548008D9221 /* Debug */,
				E9FA274F2D295548008D9221 /* Release */,
			);
			defaultConfigurationIsVisible = 0;
			defaultConfigurationName = Release;
		};
		E9FA275E2D295553008D9221 /* Build configuration list for PBXNativeTarget "StarLightUI" */ = {
			isa = XCConfigurationList;
			buildConfigurations = (
				E9FA275F2D295553008D9221 /* Debug */,
				E9FA27602D295553008D9221 /* Release */,
			);
			defaultConfigurationIsVisible = 0;
			defaultConfigurationName = Release;
		};
/* End XCConfigurationList section */

/* Begin XCSwiftPackageProductDependency section */
		E9794A642D22E54000AAA0C7 /* StarLightUI */ = {
			isa = XCSwiftPackageProductDependency;
			productName = StarLightUI;
		};
		E9794A662D22E6E900AAA0C7 /* StarLightCore */ = {
			isa = XCSwiftPackageProductDependency;
			productName = StarLightCore;
		};
		E9794A682D22E70A00AAA0C7 /* StarLightUtilities */ = {
			isa = XCSwiftPackageProductDependency;
			productName = StarLightUtilities;
		};
		E9FA27672D295FFA008D9221 /* StarLightResources */ = {
			isa = XCSwiftPackageProductDependency;
			productName = StarLightResources;
		};
/* End XCSwiftPackageProductDependency section */
	};
	rootObject = E91AE1C52D218FAA0076BD59 /* Project object */;
}
